
Microsoft Visual Studio Solution File, Format Version 11.00
# Visual Studio 2010
Project("{FAE04EC0-301F-11D3-BF4B-00C04F79EFBC}") = "AR-Project", "Assembly-CSharp.csproj", "{218532AB-465A-3CA5-B53B-E3AA403E3829}"
EndProject
Project("{FAE04EC0-301F-11D3-BF4B-00C04F79EFBC}") = "AR-Project", "Assembly-CSharp-Editor.csproj", "{1590FA57-6744-1FEA-F600-5D27DF8CCA41}"
EndProject
Project("{FAE04EC0-301F-11D3-BF4B-00C04F79EFBC}") = "AR-Project", "Assembly-UnityScript-Editor-firstpass.unityproj", "{98445630-CF61-7A50-77A8-20EA9EEE3498}"
EndProject
Global
	GlobalSection(SolutionConfigurationPlatforms) = preSolution
		Debug|Any CPU = Debug|Any CPU
		Release|Any CPU = Release|Any CPU
	EndGlobalSection
	GlobalSection(ProjectConfigurationPlatforms) = postSolution
		{218532AB-465A-3CA5-B53B-E3AA403E3829}.Debug|Any CPU.ActiveCfg = Debug|Any CPU
		{218532AB-465A-3CA5-B53B-E3AA403E3829}.Debug|Any CPU.Build.0 = Debug|Any CPU
		{218532AB-465A-3CA5-B53B-E3AA403E3829}.Release|Any CPU.ActiveCfg = Release|Any CPU
		{218532AB-465A-3CA5-B53B-E3AA403E3829}.Release|Any CPU.Build.0 = Release|Any CPU
		{1590FA57-6744-1FEA-F600-5D27DF8CCA41}.Debug|Any CPU.ActiveCfg = Debug|Any CPU
		{1590FA57-6744-1FEA-F600-5D27DF8CCA41}.Debug|Any CPU.Build.0 = Debug|Any CPU
		{1590FA57-6744-1FEA-F600-5D27DF8CCA41}.Release|Any CPU.ActiveCfg = Release|Any CPU
		{1590FA57-6744-1FEA-F600-5D27DF8CCA41}.Release|Any CPU.Build.0 = Release|Any CPU
		{98445630-CF61-7A50-77A8-20EA9EEE3498}.Debug|Any CPU.ActiveCfg = Debug|Any CPU
		{98445630-CF61-7A50-77A8-20EA9EEE3498}.Debug|Any CPU.Build.0 = Debug|Any CPU
		{98445630-CF61-7A50-77A8-20EA9EEE3498}.Release|Any CPU.ActiveCfg = Release|Any CPU
		{98445630-CF61-7A50-77A8-20EA9EEE3498}.Release|Any CPU.Build.0 = Release|Any CPU
	EndGlobalSection
	GlobalSection(SolutionProperties) = preSolution
		HideSolutionNode = FALSE
	EndGlobalSection
	GlobalSection(MonoDevelopProperties) = preSolution
		StartupItem = Assembly-CSharp.csproj
	EndGlobalSection
EndGlobal
